
Microsoft Visual Studio Solution File, Format Version 12.00
# Visual Studio Version 16
VisualStudioVersion = 16.0.31624.102
MinimumVisualStudioVersion = 10.0.40219.1
Project("{FAE04EC0-301F-11D3-BF4B-00C04F79EFBC}") = "grid apka", "grid apka\grid apka.csproj", "{7D81F35E-F185-4B19-9B61-5C66B76653D6}"
EndProject
Global
	GlobalSection(SolutionConfigurationPlatforms) = preSolution
		Debug|Any CPU = Debug|Any CPU
		Release|Any CPU = Release|Any CPU
	EndGlobalSection
	GlobalSection(ProjectConfigurationPlatforms) = postSolution
		{7D81F35E-F185-4B19-9B61-5C66B76653D6}.Debug|Any CPU.ActiveCfg = Debug|Any CPU
		{7D81F35E-F185-4B19-9B61-5C66B76653D6}.Debug|Any CPU.Build.0 = Debug|Any CPU
		{7D81F35E-F185-4B19-9B61-5C66B76653D6}.Release|Any CPU.ActiveCfg = Release|Any CPU
		{7D81F35E-F185-4B19-9B61-5C66B76653D6}.Release|Any CPU.Build.0 = Release|Any CPU
	EndGlobalSection
	GlobalSection(SolutionProperties) = preSolution
		HideSolutionNode = FALSE
	EndGlobalSection
	GlobalSection(ExtensibilityGlobals) = postSolution
		SolutionGuid = {F88C9888-F99B-4BDC-BBEF-10C908F5B084}
	EndGlobalSection
EndGlobal
